
Microsoft Visual Studio Solution File, Format Version 12.00
# Visual Studio 2013
VisualStudioVersion = 12.0.30110.0
MinimumVisualStudioVersion = 10.0.40219.1
Project("{FAE04EC0-301F-11D3-BF4B-00C04F79EFBC}") = "MyCustomAuthService", "MyCustomAuthService\MyCustomAuthService.csproj", "{F0F0A86A-0646-4B68-971E-CE66709D21D4}"
EndProject
Project("{FAE04EC0-301F-11D3-BF4B-00C04F79EFBC}") = "HelloHost", "HelloHost\HelloHost.csproj", "{B5D47E1E-658A-4CB0-A0B7-C83E604FC82E}"
EndProject
Project("{FAE04EC0-301F-11D3-BF4B-00C04F79EFBC}") = "HelloClient", "HelloClient\HelloClient.csproj", "{454FF590-BA89-4D28-A55E-5AEACF04B760}"
EndProject
Global
	GlobalSection(SolutionConfigurationPlatforms) = preSolution
		Debug|Any CPU = Debug|Any CPU
		Release|Any CPU = Release|Any CPU
	EndGlobalSection
	GlobalSection(ProjectConfigurationPlatforms) = postSolution
		{F0F0A86A-0646-4B68-971E-CE66709D21D4}.Debug|Any CPU.ActiveCfg = Debug|Any CPU
		{F0F0A86A-0646-4B68-971E-CE66709D21D4}.Debug|Any CPU.Build.0 = Debug|Any CPU
		{F0F0A86A-0646-4B68-971E-CE66709D21D4}.Release|Any CPU.ActiveCfg = Release|Any CPU
		{F0F0A86A-0646-4B68-971E-CE66709D21D4}.Release|Any CPU.Build.0 = Release|Any CPU
		{B5D47E1E-658A-4CB0-A0B7-C83E604FC82E}.Debug|Any CPU.ActiveCfg = Debug|Any CPU
		{B5D47E1E-658A-4CB0-A0B7-C83E604FC82E}.Debug|Any CPU.Build.0 = Debug|Any CPU
		{B5D47E1E-658A-4CB0-A0B7-C83E604FC82E}.Release|Any CPU.ActiveCfg = Release|Any CPU
		{B5D47E1E-658A-4CB0-A0B7-C83E604FC82E}.Release|Any CPU.Build.0 = Release|Any CPU
		{454FF590-BA89-4D28-A55E-5AEACF04B760}.Debug|Any CPU.ActiveCfg = Debug|Any CPU
		{454FF590-BA89-4D28-A55E-5AEACF04B760}.Debug|Any CPU.Build.0 = Debug|Any CPU
		{454FF590-BA89-4D28-A55E-5AEACF04B760}.Release|Any CPU.ActiveCfg = Release|Any CPU
		{454FF590-BA89-4D28-A55E-5AEACF04B760}.Release|Any CPU.Build.0 = Release|Any CPU
	EndGlobalSection
	GlobalSection(SolutionProperties) = preSolution
		HideSolutionNode = FALSE
	EndGlobalSection
EndGlobal
